// !$*UTF8*$!
{
	archiveVersion = 1;
	classes = {
	};
	objectVersion = 45;
	objects = {

/* Begin PBXFileReference section */
		23AF4A9C130726E800362BAB /* hash_table.c */ = {isa = PBXFileReference; fileEncoding = 4; lastKnownFileType = sourcecode.c.c; path = hash_table.c; sourceTree = "<group>"; };
		23AF4A9D130726E800362BAB /* lexer.c */ = {isa = PBXFileReference; fileEncoding = 4; lastKnownFileType = sourcecode.c.c; path = lexer.c; sourceTree = "<group>"; };
		23AF4A9E130726E800362BAB /* parser_primitives.c */ = {isa = PBXFileReference; fileEncoding = 4; lastKnownFileType = sourcecode.c.c; path = parser_primitives.c; sourceTree = "<group>"; };
		23AF4AA0130726E800362BAB /* toycen.c */ = {isa = PBXFileReference; fileEncoding = 4; lastKnownFileType = sourcecode.c.c; path = toycen.c; sourceTree = "<group>"; };
		23AF4AA6130726F900362BAB /* ast.h */ = {isa = PBXFileReference; fileEncoding = 4; lastKnownFileType = sourcecode.c.h; path = ast.h; sourceTree = "<group>"; };
		23AF4AA7130726F900362BAB /* debug.h */ = {isa = PBXFileReference; fileEncoding = 4; lastKnownFileType = sourcecode.c.h; path = debug.h; sourceTree = "<group>"; };
		23AF4AA8130726F900362BAB /* hash_table.h */ = {isa = PBXFileReference; fileEncoding = 4; lastKnownFileType = sourcecode.c.h; path = hash_table.h; sourceTree = "<group>"; };
		23AF4AA9130726F900362BAB /* lexer.h */ = {isa = PBXFileReference; fileEncoding = 4; lastKnownFileType = sourcecode.c.h; path = lexer.h; sourceTree = "<group>"; };
		23AF4AAA130726F900362BAB /* parser_primitives.h */ = {isa = PBXFileReference; fileEncoding = 4; lastKnownFileType = sourcecode.c.h; path = parser_primitives.h; sourceTree = "<group>"; };
		23AF4AAB130726F900362BAB /* parser.h */ = {isa = PBXFileReference; fileEncoding = 4; lastKnownFileType = sourcecode.c.h; path = parser.h; sourceTree = "<group>"; };
		23AF4AFD1307298200362BAB /* lexer.l.post */ = {isa = PBXFileReference; fileEncoding = 4; lastKnownFileType = text; path = lexer.l.post; sourceTree = "<group>"; };
		23AF4AFE1307298200362BAB /* lexer.l.pre */ = {isa = PBXFileReference; fileEncoding = 4; lastKnownFileType = text; path = lexer.l.pre; sourceTree = "<group>"; };
		23AF4AFF1307298200362BAB /* lexer.l.rules */ = {isa = PBXFileReference; fileEncoding = 4; lastKnownFileType = text; path = lexer.l.rules; sourceTree = "<group>"; };
		23AF4B001307298200362BAB /* parser_internal.h */ = {isa = PBXFileReference; fileEncoding = 4; lastKnownFileType = sourcecode.c.h; path = parser_internal.h; sourceTree = "<group>"; };
		23AF4B011307298200362BAB /* parser.c */ = {isa = PBXFileReference; fileEncoding = 4; lastKnownFileType = sourcecode.c.c; path = parser.c; sourceTree = "<group>"; };
		23AF4B031307298200362BAB /* y.tab.h */ = {isa = PBXFileReference; fileEncoding = 4; lastKnownFileType = sourcecode.c.h; path = y.tab.h; sourceTree = "<group>"; };
		23AF4B80130735CD00362BAB /* parser.y */ = {isa = PBXFileReference; fileEncoding = 4; lastKnownFileType = sourcecode.yacc; path = parser.y; sourceTree = "<group>"; };
/* End PBXFileReference section */

/* Begin PBXGroup section */
		08FB7794FE84155DC02AAC07 /* toycen */ = {
			isa = PBXGroup;
			children = (
				23AF4B7F130735BD00362BAB /* Parser Sources */,
				23AF4B041307298F00362BAB /* Skeleton */,
				23AF4B051307299600362BAB /* Generated */,
				23AF4AA3130726F200362BAB /* Headers */,
				23AF4AA2130726EB00362BAB /* Sources */,
			);
			name = toycen;
			sourceTree = "<group>";
		};
		23AF4AA2130726EB00362BAB /* Sources */ = {
			isa = PBXGroup;
			children = (
				23AF4A9C130726E800362BAB /* hash_table.c */,
				23AF4A9D130726E800362BAB /* lexer.c */,
				23AF4A9E130726E800362BAB /* parser_primitives.c */,
				23AF4AA0130726E800362BAB /* toycen.c */,
			);
			name = Sources;
			sourceTree = "<group>";
		};
		23AF4AA3130726F200362BAB /* Headers */ = {
			isa = PBXGroup;
			children = (
				23AF4AA6130726F900362BAB /* ast.h */,
				23AF4AA7130726F900362BAB /* debug.h */,
				23AF4AA8130726F900362BAB /* hash_table.h */,
				23AF4AA9130726F900362BAB /* lexer.h */,
				23AF4AAA130726F900362BAB /* parser_primitives.h */,
				23AF4AAB130726F900362BAB /* parser.h */,
			);
			name = Headers;
			sourceTree = "<group>";
		};
		23AF4B041307298F00362BAB /* Skeleton */ = {
			isa = PBXGroup;
			children = (
				23AF4AFD1307298200362BAB /* lexer.l.post */,
				23AF4AFE1307298200362BAB /* lexer.l.pre */,
				23AF4AFF1307298200362BAB /* lexer.l.rules */,
			);
			name = Skeleton;
			sourceTree = "<group>";
		};
		23AF4B051307299600362BAB /* Generated */ = {
			isa = PBXGroup;
			children = (
				23AF4B001307298200362BAB /* parser_internal.h */,
				23AF4B011307298200362BAB /* parser.c */,
				23AF4B031307298200362BAB /* y.tab.h */,
			);
			name = Generated;
			sourceTree = "<group>";
		};
		23AF4B7F130735BD00362BAB /* Parser Sources */ = {
			isa = PBXGroup;
			children = (
				23AF4B80130735CD00362BAB /* parser.y */,
			);
			name = "Parser Sources";
			sourceTree = "<group>";
		};
/* End PBXGroup section */

/* Begin PBXLegacyTarget section */
		D28A88AD04BDD90700651E21 /* toycen */ = {
			isa = PBXLegacyTarget;
			buildArgumentsString = "$(ACTION)";
			buildConfigurationList = 1DEB918F08733D9F0010E9CD /* Build configuration list for PBXLegacyTarget "toycen" */;
			buildPhases = (
			);
			buildToolPath = /usr/bin/make;
			dependencies = (
			);
			name = toycen;
			passBuildSettingsInEnvironment = 1;
			productName = toycen;
		};
/* End PBXLegacyTarget section */

/* Begin PBXProject section */
		08FB7793FE84155DC02AAC07 /* Project object */ = {
			isa = PBXProject;
			buildConfigurationList = 1DEB919308733D9F0010E9CD /* Build configuration list for PBXProject "toycen" */;
			compatibilityVersion = "Xcode 3.1";
			hasScannedForEncodings = 1;
			mainGroup = 08FB7794FE84155DC02AAC07 /* toycen */;
			projectDirPath = "";
			projectRoot = "";
			targets = (
				D28A88AD04BDD90700651E21 /* toycen */,
			);
		};
/* End PBXProject section */

/* Begin XCBuildConfiguration section */
		1DEB919008733D9F0010E9CD /* Debug */ = {
			isa = XCBuildConfiguration;
			buildSettings = {
				COPY_PHASE_STRIP = NO;
				DEBUGGING_SYMBOLS = YES;
				GCC_DYNAMIC_NO_PIC = NO;
				GCC_ENABLE_FIX_AND_CONTINUE = YES;
				GCC_GENERATE_DEBUGGING_SYMBOLS = YES;
				GCC_OPTIMIZATION_LEVEL = 0;
				OTHER_CFLAGS = "";
				OTHER_LDFLAGS = "";
				PRODUCT_NAME = toycen;
			};
			name = Debug;
		};
		1DEB919108733D9F0010E9CD /* Release */ = {
			isa = XCBuildConfiguration;
			buildSettings = {
				COPY_PHASE_STRIP = YES;
				GCC_ENABLE_FIX_AND_CONTINUE = NO;
				OTHER_CFLAGS = "";
				OTHER_LDFLAGS = "";
				PRODUCT_NAME = toycen;
			};
			name = Release;
		};
		1DEB919408733D9F0010E9CD /* Debug */ = {
			isa = XCBuildConfiguration;
			buildSettings = {
				ARCHS = (
					i386,
					ppc,
				);
				GCC_WARN_ABOUT_RETURN_TYPE = YES;
				GCC_WARN_UNUSED_VARIABLE = YES;
				ONLY_ACTIVE_ARCH = YES;
				PREBINDING = NO;
				SDKROOT = macosx10.6;
			};
			name = Debug;
		};
		1DEB919508733D9F0010E9CD /* Release */ = {
			isa = XCBuildConfiguration;
			buildSettings = {
				ARCHS = "$(ARCHS_STANDARD_32_BIT)";
				GCC_WARN_ABOUT_RETURN_TYPE = YES;
				GCC_WARN_UNUSED_VARIABLE = YES;
				PREBINDING = NO;
				SDKROOT = macosx10.6;
			};
			name = Release;
		};
/* End XCBuildConfiguration section */

/* Begin XCConfigurationList section */
		1DEB918F08733D9F0010E9CD /* Build configuration list for PBXLegacyTarget "toycen" */ = {
			isa = XCConfigurationList;
			buildConfigurations = (
				1DEB919008733D9F0010E9CD /* Debug */,
				1DEB919108733D9F0010E9CD /* Release */,
			);
			defaultConfigurationIsVisible = 0;
			defaultConfigurationName = Release;
		};
		1DEB919308733D9F0010E9CD /* Build configuration list for PBXProject "toycen" */ = {
			isa = XCConfigurationList;
			buildConfigurations = (
				1DEB919408733D9F0010E9CD /* Debug */,
				1DEB919508733D9F0010E9CD /* Release */,
			);
			defaultConfigurationIsVisible = 0;
			defaultConfigurationName = Release;
		};
/* End XCConfigurationList section */
	};
	rootObject = 08FB7793FE84155DC02AAC07 /* Project object */;
}
